// !$*UTF8*$!
{
	archiveVersion = 1;
	classes = {
	};
	objectVersion = 56;
	objects = {

/* Begin PBXBuildFile section */
		AAA322EA2ABA47D4004B7505 /* ViewModel.swift in Sources */ = {isa = PBXBuildFile; fileRef = AAA322E92ABA47D4004B7505 /* ViewModel.swift */; };
		AAA322EC2ABA47E5004B7505 /* Model.swift in Sources */ = {isa = PBXBuildFile; fileRef = AAA322EB2ABA47E5004B7505 /* Model.swift */; };
		AAA322EE2ABA47F1004B7505 /* View.swift in Sources */ = {isa = PBXBuildFile; fileRef = AAA322ED2ABA47F1004B7505 /* View.swift */; };
		AAD81AE12ABA262900719F71 /* SalandriFetchIOSChallengeApp.swift in Sources */ = {isa = PBXBuildFile; fileRef = AAD81AE02ABA262900719F71 /* SalandriFetchIOSChallengeApp.swift */; };
		AAD81AE32ABA262900719F71 /* ContentView.swift in Sources */ = {isa = PBXBuildFile; fileRef = AAD81AE22ABA262900719F71 /* ContentView.swift */; };
		AAD81AE52ABA262A00719F71 /* Assets.xcassets in Resources */ = {isa = PBXBuildFile; fileRef = AAD81AE42ABA262A00719F71 /* Assets.xcassets */; };
		AAD81AE92ABA262A00719F71 /* Preview Assets.xcassets in Resources */ = {isa = PBXBuildFile; fileRef = AAD81AE82ABA262A00719F71 /* Preview Assets.xcassets */; };
		AAD81AF32ABA262A00719F71 /* SalandriFetchIOSChallengeTests.swift in Sources */ = {isa = PBXBuildFile; fileRef = AAD81AF22ABA262A00719F71 /* SalandriFetchIOSChallengeTests.swift */; };
		AAD81AFD2ABA262A00719F71 /* SalandriFetchIOSChallengeUITests.swift in Sources */ = {isa = PBXBuildFile; fileRef = AAD81AFC2ABA262A00719F71 /* SalandriFetchIOSChallengeUITests.swift */; };
		AAD81AFF2ABA262A00719F71 /* SalandriFetchIOSChallengeUITestsLaunchTests.swift in Sources */ = {isa = PBXBuildFile; fileRef = AAD81AFE2ABA262A00719F71 /* SalandriFetchIOSChallengeUITestsLaunchTests.swift */; };
/* End PBXBuildFile section */

/* Begin PBXContainerItemProxy section */
		AAD81AEF2ABA262A00719F71 /* PBXContainerItemProxy */ = {
			isa = PBXContainerItemProxy;
			containerPortal = AAD81AD52ABA262900719F71 /* Project object */;
			proxyType = 1;
			remoteGlobalIDString = AAD81ADC2ABA262900719F71;
			remoteInfo = SalandriFetchIOSChallenge;
		};
		AAD81AF92ABA262A00719F71 /* PBXContainerItemProxy */ = {
			isa = PBXContainerItemProxy;
			containerPortal = AAD81AD52ABA262900719F71 /* Project object */;
			proxyType = 1;
			remoteGlobalIDString = AAD81ADC2ABA262900719F71;
			remoteInfo = SalandriFetchIOSChallenge;
		};
/* End PBXContainerItemProxy section */

/* Begin PBXFileReference section */
		AAA322E92ABA47D4004B7505 /* ViewModel.swift */ = {isa = PBXFileReference; lastKnownFileType = sourcecode.swift; path = ViewModel.swift; sourceTree = "<group>"; };
		AAA322EB2ABA47E5004B7505 /* Model.swift */ = {isa = PBXFileReference; lastKnownFileType = sourcecode.swift; path = Model.swift; sourceTree = "<group>"; };
		AAA322ED2ABA47F1004B7505 /* View.swift */ = {isa = PBXFileReference; lastKnownFileType = sourcecode.swift; path = View.swift; sourceTree = "<group>"; };
		AAD81ADD2ABA262900719F71 /* SalandriFetchIOSChallenge.app */ = {isa = PBXFileReference; explicitFileType = wrapper.application; includeInIndex = 0; path = SalandriFetchIOSChallenge.app; sourceTree = BUILT_PRODUCTS_DIR; };
		AAD81AE02ABA262900719F71 /* SalandriFetchIOSChallengeApp.swift */ = {isa = PBXFileReference; lastKnownFileType = sourcecode.swift; path = SalandriFetchIOSChallengeApp.swift; sourceTree = "<group>"; };
		AAD81AE22ABA262900719F71 /* ContentView.swift */ = {isa = PBXFileReference; lastKnownFileType = sourcecode.swift; path = ContentView.swift; sourceTree = "<group>"; };
		AAD81AE42ABA262A00719F71 /* Assets.xcassets */ = {isa = PBXFileReference; lastKnownFileType = folder.assetcatalog; path = Assets.xcassets; sourceTree = "<group>"; };
		AAD81AE62ABA262A00719F71 /* SalandriFetchIOSChallenge.entitlements */ = {isa = PBXFileReference; lastKnownFileType = text.plist.entitlements; path = SalandriFetchIOSChallenge.entitlements; sourceTree = "<group>"; };
		AAD81AE82ABA262A00719F71 /* Preview Assets.xcassets */ = {isa = PBXFileReference; lastKnownFileType = folder.assetcatalog; path = "Preview Assets.xcassets"; sourceTree = "<group>"; };
		AAD81AEE2ABA262A00719F71 /* SalandriFetchIOSChallengeTests.xctest */ = {isa = PBXFileReference; explicitFileType = wrapper.cfbundle; includeInIndex = 0; path = SalandriFetchIOSChallengeTests.xctest; sourceTree = BUILT_PRODUCTS_DIR; };
		AAD81AF22ABA262A00719F71 /* SalandriFetchIOSChallengeTests.swift */ = {isa = PBXFileReference; lastKnownFileType = sourcecode.swift; path = SalandriFetchIOSChallengeTests.swift; sourceTree = "<group>"; };
		AAD81AF82ABA262A00719F71 /* SalandriFetchIOSChallengeUITests.xctest */ = {isa = PBXFileReference; explicitFileType = wrapper.cfbundle; includeInIndex = 0; path = SalandriFetchIOSChallengeUITests.xctest; sourceTree = BUILT_PRODUCTS_DIR; };
		AAD81AFC2ABA262A00719F71 /* SalandriFetchIOSChallengeUITests.swift */ = {isa = PBXFileReference; lastKnownFileType = sourcecode.swift; path = SalandriFetchIOSChallengeUITests.swift; sourceTree = "<group>"; };
		AAD81AFE2ABA262A00719F71 /* SalandriFetchIOSChallengeUITestsLaunchTests.swift */ = {isa = PBXFileReference; lastKnownFileType = sourcecode.swift; path = SalandriFetchIOSChallengeUITestsLaunchTests.swift; sourceTree = "<group>"; };
/* End PBXFileReference section */

/* Begin PBXFrameworksBuildPhase section */
		AAD81ADA2ABA262900719F71 /* Frameworks */ = {
			isa = PBXFrameworksBuildPhase;
			buildActionMask = 2147483647;
			files = (
			);
			runOnlyForDeploymentPostprocessing = 0;
		};
		AAD81AEB2ABA262A00719F71 /* Frameworks */ = {
			isa = PBXFrameworksBuildPhase;
			buildActionMask = 2147483647;
			files = (
			);
			runOnlyForDeploymentPostprocessing = 0;
		};
		AAD81AF52ABA262A00719F71 /* Frameworks */ = {
			isa = PBXFrameworksBuildPhase;
			buildActionMask = 2147483647;
			files = (
			);
			runOnlyForDeploymentPostprocessing = 0;
		};
/* End PBXFrameworksBuildPhase section */

/* Begin PBXGroup section */
		AAD81AD42ABA262900719F71 = {
			isa = PBXGroup;
			children = (
				AAD81ADF2ABA262900719F71 /* SalandriFetchIOSChallenge */,
				AAD81AF12ABA262A00719F71 /* SalandriFetchIOSChallengeTests */,
				AAD81AFB2ABA262A00719F71 /* SalandriFetchIOSChallengeUITests */,
				AAD81ADE2ABA262900719F71 /* Products */,
			);
			sourceTree = "<group>";
		};
		AAD81ADE2ABA262900719F71 /* Products */ = {
			isa = PBXGroup;
			children = (
				AAD81ADD2ABA262900719F71 /* SalandriFetchIOSChallenge.app */,
				AAD81AEE2ABA262A00719F71 /* SalandriFetchIOSChallengeTests.xctest */,
				AAD81AF82ABA262A00719F71 /* SalandriFetchIOSChallengeUITests.xctest */,
			);
			name = Products;
			sourceTree = "<group>";
		};
		AAD81ADF2ABA262900719F71 /* SalandriFetchIOSChallenge */ = {
			isa = PBXGroup;
			children = (
				AAD81AE02ABA262900719F71 /* SalandriFetchIOSChallengeApp.swift */,
				AAD81AE22ABA262900719F71 /* ContentView.swift */,
				AAD81AE42ABA262A00719F71 /* Assets.xcassets */,
				AAD81AE62ABA262A00719F71 /* SalandriFetchIOSChallenge.entitlements */,
				AAD81AE72ABA262A00719F71 /* Preview Content */,
				AAA322E92ABA47D4004B7505 /* ViewModel.swift */,
				AAA322EB2ABA47E5004B7505 /* Model.swift */,
				AAA322ED2ABA47F1004B7505 /* View.swift */,
			);
			path = SalandriFetchIOSChallenge;
			sourceTree = "<group>";
		};
		AAD81AE72ABA262A00719F71 /* Preview Content */ = {
			isa = PBXGroup;
			children = (
				AAD81AE82ABA262A00719F71 /* Preview Assets.xcassets */,
			);
			path = "Preview Content";
			sourceTree = "<group>";
		};
		AAD81AF12ABA262A00719F71 /* SalandriFetchIOSChallengeTests */ = {
			isa = PBXGroup;
			children = (
				AAD81AF22ABA262A00719F71 /* SalandriFetchIOSChallengeTests.swift */,
			);
			path = SalandriFetchIOSChallengeTests;
			sourceTree = "<group>";
		};
		AAD81AFB2ABA262A00719F71 /* SalandriFetchIOSChallengeUITests */ = {
			isa = PBXGroup;
			children = (
				AAD81AFC2ABA262A00719F71 /* SalandriFetchIOSChallengeUITests.swift */,
				AAD81AFE2ABA262A00719F71 /* SalandriFetchIOSChallengeUITestsLaunchTests.swift */,
			);
			path = SalandriFetchIOSChallengeUITests;
			sourceTree = "<group>";
		};
/* End PBXGroup section */

/* Begin PBXNativeTarget section */
		AAD81ADC2ABA262900719F71 /* SalandriFetchIOSChallenge */ = {
			isa = PBXNativeTarget;
			buildConfigurationList = AAD81B022ABA262A00719F71 /* Build configuration list for PBXNativeTarget "SalandriFetchIOSChallenge" */;
			buildPhases = (
				AAD81AD92ABA262900719F71 /* Sources */,
				AAD81ADA2ABA262900719F71 /* Frameworks */,
				AAD81ADB2ABA262900719F71 /* Resources */,
			);
			buildRules = (
			);
			dependencies = (
			);
			name = SalandriFetchIOSChallenge;
			productName = SalandriFetchIOSChallenge;
			productReference = AAD81ADD2ABA262900719F71 /* SalandriFetchIOSChallenge.app */;
			productType = "com.apple.product-type.application";
		};
		AAD81AED2ABA262A00719F71 /* SalandriFetchIOSChallengeTests */ = {
			isa = PBXNativeTarget;
			buildConfigurationList = AAD81B052ABA262A00719F71 /* Build configuration list for PBXNativeTarget "SalandriFetchIOSChallengeTests" */;
			buildPhases = (
				AAD81AEA2ABA262A00719F71 /* Sources */,
				AAD81AEB2ABA262A00719F71 /* Frameworks */,
				AAD81AEC2ABA262A00719F71 /* Resources */,
			);
			buildRules = (
			);
			dependencies = (
				AAD81AF02ABA262A00719F71 /* PBXTargetDependency */,
			);
			name = SalandriFetchIOSChallengeTests;
			productName = SalandriFetchIOSChallengeTests;
			productReference = AAD81AEE2ABA262A00719F71 /* SalandriFetchIOSChallengeTests.xctest */;
			productType = "com.apple.product-type.bundle.unit-test";
		};
		AAD81AF72ABA262A00719F71 /* SalandriFetchIOSChallengeUITests */ = {
			isa = PBXNativeTarget;
			buildConfigurationList = AAD81B082ABA262A00719F71 /* Build configuration list for PBXNativeTarget "SalandriFetchIOSChallengeUITests" */;
			buildPhases = (
				AAD81AF42ABA262A00719F71 /* Sources */,
				AAD81AF52ABA262A00719F71 /* Frameworks */,
				AAD81AF62ABA262A00719F71 /* Resources */,
			);
			buildRules = (
			);
			dependencies = (
				AAD81AFA2ABA262A00719F71 /* PBXTargetDependency */,
			);
			name = SalandriFetchIOSChallengeUITests;
			productName = SalandriFetchIOSChallengeUITests;
			productReference = AAD81AF82ABA262A00719F71 /* SalandriFetchIOSChallengeUITests.xctest */;
			productType = "com.apple.product-type.bundle.ui-testing";
		};
/* End PBXNativeTarget section */

/* Begin PBXProject section */
		AAD81AD52ABA262900719F71 /* Project object */ = {
			isa = PBXProject;
			attributes = {
				BuildIndependentTargetsInParallel = 1;
				LastSwiftUpdateCheck = 1400;
				LastUpgradeCheck = 1400;
				TargetAttributes = {
					AAD81ADC2ABA262900719F71 = {
						CreatedOnToolsVersion = 14.0;
					};
					AAD81AED2ABA262A00719F71 = {
						CreatedOnToolsVersion = 14.0;
						TestTargetID = AAD81ADC2ABA262900719F71;
					};
					AAD81AF72ABA262A00719F71 = {
						CreatedOnToolsVersion = 14.0;
						TestTargetID = AAD81ADC2ABA262900719F71;
					};
				};
			};
			buildConfigurationList = AAD81AD82ABA262900719F71 /* Build configuration list for PBXProject "SalandriFetchIOSChallenge" */;
			compatibilityVersion = "Xcode 14.0";
			developmentRegion = en;
			hasScannedForEncodings = 0;
			knownRegions = (
				en,
				Base,
			);
			mainGroup = AAD81AD42ABA262900719F71;
			productRefGroup = AAD81ADE2ABA262900719F71 /* Products */;
			projectDirPath = "";
			projectRoot = "";
			targets = (
				AAD81ADC2ABA262900719F71 /* SalandriFetchIOSChallenge */,
				AAD81AED2ABA262A00719F71 /* SalandriFetchIOSChallengeTests */,
				AAD81AF72ABA262A00719F71 /* SalandriFetchIOSChallengeUITests */,
			);
		};
/* End PBXProject section */

/* Begin PBXResourcesBuildPhase section */
		AAD81ADB2ABA262900719F71 /* Resources */ = {
			isa = PBXResourcesBuildPhase;
			buildActionMask = 2147483647;
			files = (
				AAD81AE92ABA262A00719F71 /* Preview Assets.xcassets in Resources */,
				AAD81AE52ABA262A00719F71 /* Assets.xcassets in Resources */,
			);
			runOnlyForDeploymentPostprocessing = 0;
		};
		AAD81AEC2ABA262A00719F71 /* Resources */ = {
			isa = PBXResourcesBuildPhase;
			buildActionMask = 2147483647;
			files = (
			);
			runOnlyForDeploymentPostprocessing = 0;
		};
		AAD81AF62ABA262A00719F71 /* Resources */ = {
			isa = PBXResourcesBuildPhase;
			buildActionMask = 2147483647;
			files = (
			);
			runOnlyForDeploymentPostprocessing = 0;
		};
/* End PBXResourcesBuildPhase section */

/* Begin PBXSourcesBuildPhase section */
		AAD81AD92ABA262900719F71 /* Sources */ = {
			isa = PBXSourcesBuildPhase;
			buildActionMask = 2147483647;
			files = (
				AAD81AE32ABA262900719F71 /* ContentView.swift in Sources */,
				AAA322EA2ABA47D4004B7505 /* ViewModel.swift in Sources */,
				AAA322EE2ABA47F1004B7505 /* View.swift in Sources */,
				AAD81AE12ABA262900719F71 /* SalandriFetchIOSChallengeApp.swift in Sources */,
				AAA322EC2ABA47E5004B7505 /* Model.swift in Sources */,
			);
			runOnlyForDeploymentPostprocessing = 0;
		};
		AAD81AEA2ABA262A00719F71 /* Sources */ = {
			isa = PBXSourcesBuildPhase;
			buildActionMask = 2147483647;
			files = (
				AAD81AF32ABA262A00719F71 /* SalandriFetchIOSChallengeTests.swift in Sources */,
			);
			runOnlyForDeploymentPostprocessing = 0;
		};
		AAD81AF42ABA262A00719F71 /* Sources */ = {
			isa = PBXSourcesBuildPhase;
			buildActionMask = 2147483647;
			files = (
				AAD81AFD2ABA262A00719F71 /* SalandriFetchIOSChallengeUITests.swift in Sources */,
				AAD81AFF2ABA262A00719F71 /* SalandriFetchIOSChallengeUITestsLaunchTests.swift in Sources */,
			);
			runOnlyForDeploymentPostprocessing = 0;
		};
/* End PBXSourcesBuildPhase section */

/* Begin PBXTargetDependency section */
		AAD81AF02ABA262A00719F71 /* PBXTargetDependency */ = {
			isa = PBXTargetDependency;
			target = AAD81ADC2ABA262900719F71 /* SalandriFetchIOSChallenge */;
			targetProxy = AAD81AEF2ABA262A00719F71 /* PBXContainerItemProxy */;
		};
		AAD81AFA2ABA262A00719F71 /* PBXTargetDependency */ = {
			isa = PBXTargetDependency;
			target = AAD81ADC2ABA262900719F71 /* SalandriFetchIOSChallenge */;
			targetProxy = AAD81AF92ABA262A00719F71 /* PBXContainerItemProxy */;
		};
/* End PBXTargetDependency section */

/* Begin XCBuildConfiguration section */
		AAD81B002ABA262A00719F71 /* Debug */ = {
			isa = XCBuildConfiguration;
			buildSettings = {
				ALWAYS_SEARCH_USER_PATHS = NO;
				CLANG_ANALYZER_NONNULL = YES;
				CLANG_ANALYZER_NUMBER_OBJECT_CONVERSION = YES_AGGRESSIVE;
				CLANG_CXX_LANGUAGE_STANDARD = "gnu++20";
				CLANG_ENABLE_MODULES = YES;
				CLANG_ENABLE_OBJC_ARC = YES;
				CLANG_ENABLE_OBJC_WEAK = YES;
				CLANG_WARN_BLOCK_CAPTURE_AUTORELEASING = YES;
				CLANG_WARN_BOOL_CONVERSION = YES;
				CLANG_WARN_COMMA = YES;
				CLANG_WARN_CONSTANT_CONVERSION = YES;
				CLANG_WARN_DEPRECATED_OBJC_IMPLEMENTATIONS = YES;
				CLANG_WARN_DIRECT_OBJC_ISA_USAGE = YES_ERROR;
				CLANG_WARN_DOCUMENTATION_COMMENTS = YES;
				CLANG_WARN_EMPTY_BODY = YES;
				CLANG_WARN_ENUM_CONVERSION = YES;
				CLANG_WARN_INFINITE_RECURSION = YES;
				CLANG_WARN_INT_CONVERSION = YES;
				CLANG_WARN_NON_LITERAL_NULL_CONVERSION = YES;
				CLANG_WARN_OBJC_IMPLICIT_RETAIN_SELF = YES;
				CLANG_WARN_OBJC_LITERAL_CONVERSION = YES;
				CLANG_WARN_OBJC_ROOT_CLASS = YES_ERROR;
				CLANG_WARN_QUOTED_INCLUDE_IN_FRAMEWORK_HEADER = YES;
				CLANG_WARN_RANGE_LOOP_ANALYSIS = YES;
				CLANG_WARN_STRICT_PROTOTYPES = YES;
				CLANG_WARN_SUSPICIOUS_MOVE = YES;
				CLANG_WARN_UNGUARDED_AVAILABILITY = YES_AGGRESSIVE;
				CLANG_WARN_UNREACHABLE_CODE = YES;
				CLANG_WARN__DUPLICATE_METHOD_MATCH = YES;
				COPY_PHASE_STRIP = NO;
				DEBUG_INFORMATION_FORMAT = dwarf;
				ENABLE_STRICT_OBJC_MSGSEND = YES;
				ENABLE_TESTABILITY = YES;
				GCC_C_LANGUAGE_STANDARD = gnu11;
				GCC_DYNAMIC_NO_PIC = NO;
				GCC_NO_COMMON_BLOCKS = YES;
				GCC_OPTIMIZATION_LEVEL = 0;
				GCC_PREPROCESSOR_DEFINITIONS = (
					"DEBUG=1",
					"$(inherited)",
				);
				GCC_WARN_64_TO_32_BIT_CONVERSION = YES;
				GCC_WARN_ABOUT_RETURN_TYPE = YES_ERROR;
				GCC_WARN_UNDECLARED_SELECTOR = YES;
				GCC_WARN_UNINITIALIZED_AUTOS = YES_AGGRESSIVE;
				GCC_WARN_UNUSED_FUNCTION = YES;
				GCC_WARN_UNUSED_VARIABLE = YES;
				MTL_ENABLE_DEBUG_INFO = INCLUDE_SOURCE;
				MTL_FAST_MATH = YES;
				ONLY_ACTIVE_ARCH = YES;
				SWIFT_ACTIVE_COMPILATION_CONDITIONS = DEBUG;
				SWIFT_OPTIMIZATION_LEVEL = "-Onone";
			};
			name = Debug;
		};
		AAD81B012ABA262A00719F71 /* Release */ = {
			isa = XCBuildConfiguration;
			buildSettings = {
				ALWAYS_SEARCH_USER_PATHS = NO;
				CLANG_ANALYZER_NONNULL = YES;
				CLANG_ANALYZER_NUMBER_OBJECT_CONVERSION = YES_AGGRESSIVE;
				CLANG_CXX_LANGUAGE_STANDARD = "gnu++20";
				CLANG_ENABLE_MODULES = YES;
				CLANG_ENABLE_OBJC_ARC = YES;
				CLANG_ENABLE_OBJC_WEAK = YES;
				CLANG_WARN_BLOCK_CAPTURE_AUTORELEASING = YES;
				CLANG_WARN_BOOL_CONVERSION = YES;
				CLANG_WARN_COMMA = YES;
				CLANG_WARN_CONSTANT_CONVERSION = YES;
				CLANG_WARN_DEPRECATED_OBJC_IMPLEMENTATIONS = YES;
				CLANG_WARN_DIRECT_OBJC_ISA_USAGE = YES_ERROR;
				CLANG_WARN_DOCUMENTATION_COMMENTS = YES;
				CLANG_WARN_EMPTY_BODY = YES;
				CLANG_WARN_ENUM_CONVERSION = YES;
				CLANG_WARN_INFINITE_RECURSION = YES;
				CLANG_WARN_INT_CONVERSION = YES;
				CLANG_WARN_NON_LITERAL_NULL_CONVERSION = YES;
				CLANG_WARN_OBJC_IMPLICIT_RETAIN_SELF = YES;
				CLANG_WARN_OBJC_LITERAL_CONVERSION = YES;
				CLANG_WARN_OBJC_ROOT_CLASS = YES_ERROR;
				CLANG_WARN_QUOTED_INCLUDE_IN_FRAMEWORK_HEADER = YES;
				CLANG_WARN_RANGE_LOOP_ANALYSIS = YES;
				CLANG_WARN_STRICT_PROTOTYPES = YES;
				CLANG_WARN_SUSPICIOUS_MOVE = YES;
				CLANG_WARN_UNGUARDED_AVAILABILITY = YES_AGGRESSIVE;
				CLANG_WARN_UNREACHABLE_CODE = YES;
				CLANG_WARN__DUPLICATE_METHOD_MATCH = YES;
				COPY_PHASE_STRIP = NO;
				DEBUG_INFORMATION_FORMAT = "dwarf-with-dsym";
				ENABLE_NS_ASSERTIONS = NO;
				ENABLE_STRICT_OBJC_MSGSEND = YES;
				GCC_C_LANGUAGE_STANDARD = gnu11;
				GCC_NO_COMMON_BLOCKS = YES;
				GCC_WARN_64_TO_32_BIT_CONVERSION = YES;
				GCC_WARN_ABOUT_RETURN_TYPE = YES_ERROR;
				GCC_WARN_UNDECLARED_SELECTOR = YES;
				GCC_WARN_UNINITIALIZED_AUTOS = YES_AGGRESSIVE;
				GCC_WARN_UNUSED_FUNCTION = YES;
				GCC_WARN_UNUSED_VARIABLE = YES;
				MTL_ENABLE_DEBUG_INFO = NO;
				MTL_FAST_MATH = YES;
				SWIFT_COMPILATION_MODE = wholemodule;
				SWIFT_OPTIMIZATION_LEVEL = "-O";
			};
			name = Release;
		};
		AAD81B032ABA262A00719F71 /* Debug */ = {
			isa = XCBuildConfiguration;
			buildSettings = {
				ASSETCATALOG_COMPILER_APPICON_NAME = AppIcon;
				ASSETCATALOG_COMPILER_GLOBAL_ACCENT_COLOR_NAME = AccentColor;
				CODE_SIGN_ENTITLEMENTS = SalandriFetchIOSChallenge/SalandriFetchIOSChallenge.entitlements;
				CODE_SIGN_STYLE = Automatic;
				CURRENT_PROJECT_VERSION = 1;
				DEVELOPMENT_ASSET_PATHS = "\"SalandriFetchIOSChallenge/Preview Content\"";
				DEVELOPMENT_TEAM = PMYMP549NC;
				ENABLE_HARDENED_RUNTIME = YES;
				ENABLE_PREVIEWS = YES;
				GENERATE_INFOPLIST_FILE = YES;
				"INFOPLIST_KEY_UIApplicationSceneManifest_Generation[sdk=iphoneos*]" = YES;
				"INFOPLIST_KEY_UIApplicationSceneManifest_Generation[sdk=iphonesimulator*]" = YES;
				"INFOPLIST_KEY_UIApplicationSupportsIndirectInputEvents[sdk=iphoneos*]" = YES;
				"INFOPLIST_KEY_UIApplicationSupportsIndirectInputEvents[sdk=iphonesimulator*]" = YES;
				"INFOPLIST_KEY_UILaunchScreen_Generation[sdk=iphoneos*]" = YES;
				"INFOPLIST_KEY_UILaunchScreen_Generation[sdk=iphonesimulator*]" = YES;
				"INFOPLIST_KEY_UIStatusBarStyle[sdk=iphoneos*]" = UIStatusBarStyleDefault;
				"INFOPLIST_KEY_UIStatusBarStyle[sdk=iphonesimulator*]" = UIStatusBarStyleDefault;
				INFOPLIST_KEY_UISupportedInterfaceOrientations_iPad = "UIInterfaceOrientationPortrait UIInterfaceOrientationPortraitUpsideDown UIInterfaceOrientationLandscapeLeft UIInterfaceOrientationLandscapeRight";
				INFOPLIST_KEY_UISupportedInterfaceOrientations_iPhone = "UIInterfaceOrientationPortrait UIInterfaceOrientationLandscapeLeft UIInterfaceOrientationLandscapeRight";
				IPHONEOS_DEPLOYMENT_TARGET = 16.0;
				LD_RUNPATH_SEARCH_PATHS = "@executable_path/Frameworks";
				"LD_RUNPATH_SEARCH_PATHS[sdk=macosx*]" = "@executable_path/../Frameworks";
				MACOSX_DEPLOYMENT_TARGET = 12.3;
				MARKETING_VERSION = 1.0;
				PRODUCT_BUNDLE_IDENTIFIER = abhisheksalandri.SalandriFetchIOSChallenge;
				PRODUCT_NAME = "$(TARGET_NAME)";
				SDKROOT = auto;
				SUPPORTED_PLATFORMS = "iphoneos iphonesimulator macosx";
				SWIFT_EMIT_LOC_STRINGS = YES;
				SWIFT_VERSION = 5.0;
				TARGETED_DEVICE_FAMILY = "1,2";
			};
			name = Debug;
		};
		AAD81B042ABA262A00719F71 /* Release */ = {
			isa = XCBuildConfiguration;
			buildSettings = {
				ASSETCATALOG_COMPILER_APPICON_NAME = AppIcon;
				ASSETCATALOG_COMPILER_GLOBAL_ACCENT_COLOR_NAME = AccentColor;
				CODE_SIGN_ENTITLEMENTS = SalandriFetchIOSChallenge/SalandriFetchIOSChallenge.entitlements;
				CODE_SIGN_STYLE = Automatic;
				CURRENT_PROJECT_VERSION = 1;
				DEVELOPMENT_ASSET_PATHS = "\"SalandriFetchIOSChallenge/Preview Content\"";
				DEVELOPMENT_TEAM = PMYMP549NC;
				ENABLE_HARDENED_RUNTIME = YES;
				ENABLE_PREVIEWS = YES;
				GENERATE_INFOPLIST_FILE = YES;
				"INFOPLIST_KEY_UIApplicationSceneManifest_Generation[sdk=iphoneos*]" = YES;
				"INFOPLIST_KEY_UIApplicationSceneManifest_Generation[sdk=iphonesimulator*]" = YES;
				"INFOPLIST_KEY_UIApplicationSupportsIndirectInputEvents[sdk=iphoneos*]" = YES;
				"INFOPLIST_KEY_UIApplicationSupportsIndirectInputEvents[sdk=iphonesimulator*]" = YES;
				"INFOPLIST_KEY_UILaunchScreen_Generation[sdk=iphoneos*]" = YES;
				"INFOPLIST_KEY_UILaunchScreen_Generation[sdk=iphonesimulator*]" = YES;
				"INFOPLIST_KEY_UIStatusBarStyle[sdk=iphoneos*]" = UIStatusBarStyleDefault;
				"INFOPLIST_KEY_UIStatusBarStyle[sdk=iphonesimulator*]" = UIStatusBarStyleDefault;
				INFOPLIST_KEY_UISupportedInterfaceOrientations_iPad = "UIInterfaceOrientationPortrait UIInterfaceOrientationPortraitUpsideDown UIInterfaceOrientationLandscapeLeft UIInterfaceOrientationLandscapeRight";
				INFOPLIST_KEY_UISupportedInterfaceOrientations_iPhone = "UIInterfaceOrientationPortrait UIInterfaceOrientationLandscapeLeft UIInterfaceOrientationLandscapeRight";
				IPHONEOS_DEPLOYMENT_TARGET = 16.0;
				LD_RUNPATH_SEARCH_PATHS = "@executable_path/Frameworks";
				"LD_RUNPATH_SEARCH_PATHS[sdk=macosx*]" = "@executable_path/../Frameworks";
				MACOSX_DEPLOYMENT_TARGET = 12.3;
				MARKETING_VERSION = 1.0;
				PRODUCT_BUNDLE_IDENTIFIER = abhisheksalandri.SalandriFetchIOSChallenge;
				PRODUCT_NAME = "$(TARGET_NAME)";
				SDKROOT = auto;
				SUPPORTED_PLATFORMS = "iphoneos iphonesimulator macosx";
				SWIFT_EMIT_LOC_STRINGS = YES;
				SWIFT_VERSION = 5.0;
				TARGETED_DEVICE_FAMILY = "1,2";
			};
			name = Release;
		};
		AAD81B062ABA262A00719F71 /* Debug */ = {
			isa = XCBuildConfiguration;
			buildSettings = {
				ALWAYS_EMBED_SWIFT_STANDARD_LIBRARIES = YES;
				BUNDLE_LOADER = "$(TEST_HOST)";
				CODE_SIGN_STYLE = Automatic;
				CURRENT_PROJECT_VERSION = 1;
				DEVELOPMENT_TEAM = PMYMP549NC;
				GENERATE_INFOPLIST_FILE = YES;
				IPHONEOS_DEPLOYMENT_TARGET = 16.0;
				MACOSX_DEPLOYMENT_TARGET = 12.3;
				MARKETING_VERSION = 1.0;
				PRODUCT_BUNDLE_IDENTIFIER = abhisheksalandri.SalandriFetchIOSChallengeTests;
				PRODUCT_NAME = "$(TARGET_NAME)";
				SDKROOT = auto;
				SUPPORTED_PLATFORMS = "iphoneos iphonesimulator macosx";
				SWIFT_EMIT_LOC_STRINGS = NO;
				SWIFT_VERSION = 5.0;
				TARGETED_DEVICE_FAMILY = "1,2";
				TEST_HOST = "$(BUILT_PRODUCTS_DIR)/SalandriFetchIOSChallenge.app/$(BUNDLE_EXECUTABLE_FOLDER_PATH)/SalandriFetchIOSChallenge";
			};
			name = Debug;
		};
		AAD81B072ABA262A00719F71 /* Release */ = {
			isa = XCBuildConfiguration;
			buildSettings = {
				ALWAYS_EMBED_SWIFT_STANDARD_LIBRARIES = YES;
				BUNDLE_LOADER = "$(TEST_HOST)";
				CODE_SIGN_STYLE = Automatic;
				CURRENT_PROJECT_VERSION = 1;
				DEVELOPMENT_TEAM = PMYMP549NC;
				GENERATE_INFOPLIST_FILE = YES;
				IPHONEOS_DEPLOYMENT_TARGET = 16.0;
				MACOSX_DEPLOYMENT_TARGET = 12.3;
				MARKETING_VERSION = 1.0;
				PRODUCT_BUNDLE_IDENTIFIER = abhisheksalandri.SalandriFetchIOSChallengeTests;
				PRODUCT_NAME = "$(TARGET_NAME)";
				SDKROOT = auto;
				SUPPORTED_PLATFORMS = "iphoneos iphonesimulator macosx";
				SWIFT_EMIT_LOC_STRINGS = NO;
				SWIFT_VERSION = 5.0;
				TARGETED_DEVICE_FAMILY = "1,2";
				TEST_HOST = "$(BUILT_PRODUCTS_DIR)/SalandriFetchIOSChallenge.app/$(BUNDLE_EXECUTABLE_FOLDER_PATH)/SalandriFetchIOSChallenge";
			};
			name = Release;
		};
		AAD81B092ABA262A00719F71 /* Debug */ = {
			isa = XCBuildConfiguration;
			buildSettings = {
				ALWAYS_EMBED_SWIFT_STANDARD_LIBRARIES = YES;
				CODE_SIGN_STYLE = Automatic;
				CURRENT_PROJECT_VERSION = 1;
				DEVELOPMENT_TEAM = PMYMP549NC;
				GENERATE_INFOPLIST_FILE = YES;
				IPHONEOS_DEPLOYMENT_TARGET = 16.0;
				MACOSX_DEPLOYMENT_TARGET = 12.3;
				MARKETING_VERSION = 1.0;
				PRODUCT_BUNDLE_IDENTIFIER = abhisheksalandri.SalandriFetchIOSChallengeUITests;
				PRODUCT_NAME = "$(TARGET_NAME)";
				SDKROOT = auto;
				SUPPORTED_PLATFORMS = "iphoneos iphonesimulator macosx";
				SWIFT_EMIT_LOC_STRINGS = NO;
				SWIFT_VERSION = 5.0;
				TARGETED_DEVICE_FAMILY = "1,2";
				TEST_TARGET_NAME = SalandriFetchIOSChallenge;
			};
			name = Debug;
		};
		AAD81B0A2ABA262A00719F71 /* Release */ = {
			isa = XCBuildConfiguration;
			buildSettings = {
				ALWAYS_EMBED_SWIFT_STANDARD_LIBRARIES = YES;
				CODE_SIGN_STYLE = Automatic;
				CURRENT_PROJECT_VERSION = 1;
				DEVELOPMENT_TEAM = PMYMP549NC;
				GENERATE_INFOPLIST_FILE = YES;
				IPHONEOS_DEPLOYMENT_TARGET = 16.0;
				MACOSX_DEPLOYMENT_TARGET = 12.3;
				MARKETING_VERSION = 1.0;
				PRODUCT_BUNDLE_IDENTIFIER = abhisheksalandri.SalandriFetchIOSChallengeUITests;
				PRODUCT_NAME = "$(TARGET_NAME)";
				SDKROOT = auto;
				SUPPORTED_PLATFORMS = "iphoneos iphonesimulator macosx";
				SWIFT_EMIT_LOC_STRINGS = NO;
				SWIFT_VERSION = 5.0;
				TARGETED_DEVICE_FAMILY = "1,2";
				TEST_TARGET_NAME = SalandriFetchIOSChallenge;
			};
			name = Release;
		};
/* End XCBuildConfiguration section */

/* Begin XCConfigurationList section */
		AAD81AD82ABA262900719F71 /* Build configuration list for PBXProject "SalandriFetchIOSChallenge" */ = {
			isa = XCConfigurationList;
			buildConfigurations = (
				AAD81B002ABA262A00719F71 /* Debug */,
				AAD81B012ABA262A00719F71 /* Release */,
			);
			defaultConfigurationIsVisible = 0;
			defaultConfigurationName = Release;
		};
		AAD81B022ABA262A00719F71 /* Build configuration list for PBXNativeTarget "SalandriFetchIOSChallenge" */ = {
			isa = XCConfigurationList;
			buildConfigurations = (
				AAD81B032ABA262A00719F71 /* Debug */,
				AAD81B042ABA262A00719F71 /* Release */,
			);
			defaultConfigurationIsVisible = 0;
			defaultConfigurationName = Release;
		};
		AAD81B052ABA262A00719F71 /* Build configuration list for PBXNativeTarget "SalandriFetchIOSChallengeTests" */ = {
			isa = XCConfigurationList;
			buildConfigurations = (
				AAD81B062ABA262A00719F71 /* Debug */,
				AAD81B072ABA262A00719F71 /* Release */,
			);
			defaultConfigurationIsVisible = 0;
			defaultConfigurationName = Release;
		};
		AAD81B082ABA262A00719F71 /* Build configuration list for PBXNativeTarget "SalandriFetchIOSChallengeUITests" */ = {
			isa = XCConfigurationList;
			buildConfigurations = (
				AAD81B092ABA262A00719F71 /* Debug */,
				AAD81B0A2ABA262A00719F71 /* Release */,
			);
			defaultConfigurationIsVisible = 0;
			defaultConfigurationName = Release;
		};
/* End XCConfigurationList section */
	};
	rootObject = AAD81AD52ABA262900719F71 /* Project object */;
}
